{
  "nodes": {
    "dms": {
      "inputs": {
        "nixpkgs": [
          "nixpkgs"
        ],
        "quickshell": "quickshell"
      },
      "locked": {
        "lastModified": 1774491549,
        "narHash": "sha256-ICChF+t/uik+sRPcF1w4sX+FmbmrkEdCR24Hk5vga/g=",
        "owner": "AvengeMedia",
        "repo": "DankMaterialShell",
        "rev": "293c2a0035119a87f831be856161138a5d36f437",
        "type": "github"
      },
      "original": {
        "owner": "AvengeMedia",
        "repo": "DankMaterialShell",
        "type": "github"
      }
    },
    "home-manager": {
      "inputs": {
        "nixpkgs": [
          "nixpkgs"
        ]
      },
      "locked": {
        "lastModified": 1774584114,
        "narHash": "sha256-uWR9fC+4NykFJVn4GN4Ini9LX+w8Llj7BnWKKp0N6bw=",
        "owner": "nix-community",
        "repo": "home-manager",
        "rev": "4b1be5c38be350ee9452a4847945ce71d950dc31",
        "type": "github"
      },
      "original": {
        "owner": "nix-community",
        "ref": "master",
        "repo": "home-manager",
        "type": "github"
      }
    },
    "nixpkgs": {
      "locked": {
        "lastModified": 1773821835,
        "narHash": "sha256-TJ3lSQtW0E2JrznGVm8hOQGVpXjJyXY2guAxku2O9A4=",
        "owner": "nixos",
        "repo": "nixpkgs",
        "rev": "b40629efe5d6ec48dd1efba650c797ddbd39ace0",
        "type": "github"
      },
      "original": {
        "owner": "nixos",
        "ref": "nixos-unstable",
        "repo": "nixpkgs",
        "type": "github"
      }
    },
    "noctalia": {
      "inputs": {
        "nixpkgs": [
          "nixpkgs"
        ]
      },
      "locked": {
        "lastModified": 1771690106,
        "narHash": "sha256-dkLvVNUgr5jOoNOc4iE8NXGmo29Wt/Dk/gPKPr8bamQ=",
        "owner": "noctalia-dev",
        "repo": "noctalia-shell",
        "rev": "835d632e57e7b0cb7321f56ea4d83c9fac88b05c",
        "type": "github"
      },
      "original": {
        "owner": "noctalia-dev",
        "repo": "noctalia-shell",
        "type": "github"
      }
    },
    "quickshell": {
      "inputs": {
        "nixpkgs": [
          "dms",
          "nixpkgs"
        ]
      },
      "locked": {
        "lastModified": 1766725085,
        "narHash": "sha256-O2aMFdDUYJazFrlwL7aSIHbUSEm3ADVZjmf41uBJfHs=",
        "ref": "refs/heads/master",
        "rev": "41828c4180fb921df7992a5405f5ff05d2ac2fff",
        "revCount": 715,
        "type": "git",
        "url": "https://git.outfoxxed.me/quickshell/quickshell"
      },
      "original": {
        "rev": "41828c4180fb921df7992a5405f5ff05d2ac2fff",
        "type": "git",
        "url": "https://git.outfoxxed.me/quickshell/quickshell"
      }
    },
    "quickshell_2": {
      "inputs": {
        "nixpkgs": [
          "nixpkgs"
        ]
      },
      "locked": {
        "lastModified": 1774422996,
        "narHash": "sha256-mWjBJIbiMPCpljAQDk8RYf+92/lYZ5npHe2r2SJ+QWc=",
        "ref": "refs/heads/master",
        "rev": "08058326f04e9b5e55c903b3702405a8d3556ac6",
        "revCount": 775,
        "type": "git",
        "url": "https://git.outfoxxed.me/quickshell/quickshell"
      },
      "original": {
        "type": "git",
        "url": "https://git.outfoxxed.me/quickshell/quickshell"
      }
    },
    "root": {
      "inputs": {
        "dms": "dms",
        "home-manager": "home-manager",
        "nixpkgs": "nixpkgs",
        "noctalia": "noctalia",
        "quickshell": "quickshell_2"
      }
    }
  },
  "root": "root",
  "version": 7
}
