{
  "nodes": {
    "flake-compat": {
      "flake": false,
      "locked": {
        "lastModified": 1767039857,
        "narHash": "sha256-vNpUSpF5Nuw8xvDLj2KCwwksIbjua2LZCqhV1LNRDns=",
        "owner": "edolstra",
        "repo": "flake-compat",
        "rev": "5edf11c44bc78a0d334f6334cdaf7d60d732daab",
        "type": "github"
      },
      "original": {
        "owner": "edolstra",
        "repo": "flake-compat",
        "type": "github"
      }
    },
    "flake-parts": {
      "inputs": {
        "nixpkgs-lib": [
          "hermes-agent",
          "nixpkgs"
        ]
      },
      "locked": {
        "lastModified": 1782949081,
        "narHash": "sha256-vp6Y/Grm98ESt6ceOkWiHWyZRDV3J1RID4w+6NWK9yA=",
        "owner": "hercules-ci",
        "repo": "flake-parts",
        "rev": "17c9d6cdfc60c64f4ee8d306f9bc0b4ccb51481e",
        "type": "github"
      },
      "original": {
        "owner": "hercules-ci",
        "repo": "flake-parts",
        "type": "github"
      }
    },
    "flake-parts_2": {
      "inputs": {
        "nixpkgs-lib": [
          "nixvim",
          "nixpkgs"
        ]
      },
      "locked": {
        "lastModified": 1788450739,
        "narHash": "sha256-glZLQlzIn1fXH6PazR2iUmTo7kzzyYSshrWhLS9TqCU=",
        "owner": "hercules-ci",
        "repo": "flake-parts",
        "rev": "31729ca8cbdb4fa927b34e5f4353e6a83f39e993",
        "type": "github"
      },
      "original": {
        "owner": "hercules-ci",
        "repo": "flake-parts",
        "type": "github"
      }
    },
    "hermes-agent": {
      "inputs": {
        "flake-parts": "flake-parts",
        "home-manager": "home-manager",
        "nixpkgs": [
          "nixpkgs"
        ],
        "npm-lockfile-fix": "npm-lockfile-fix",
        "pyproject-build-systems": "pyproject-build-systems",
        "pyproject-nix": "pyproject-nix",
        "uv2nix": "uv2nix"
      },
      "locked": {
        "lastModified": 1789057351,
        "narHash": "sha256-3z87R0lsRVX45K6pl+kjunvhaxtaNyFxIU9wu+KqDNY=",
        "owner": "NousResearch",
        "repo": "hermes-agent",
        "rev": "073c57872a4616ac7567d76b1e51429f96dba53f",
        "type": "github"
      },
      "original": {
        "owner": "NousResearch",
        "repo": "hermes-agent",
        "type": "github"
      }
    },
    "home-manager": {
      "inputs": {
        "nixpkgs": [
          "hermes-agent",
          "nixpkgs"
        ]
      },
      "locked": {
        "lastModified": 1786487128,
        "narHash": "sha256-ad60hrRVhH/bo3Jl1YLzO+QcS3mUNZr9LNJdzhMO2P4=",
        "owner": "nix-community",
        "repo": "home-manager",
        "rev": "f404edbfa4117810c96b97048299242fc50e5362",
        "type": "github"
      },
      "original": {
        "owner": "nix-community",
        "repo": "home-manager",
        "type": "github"
      }
    },
    "home-manager_2": {
      "inputs": {
        "nixpkgs": [
          "nixpkgs"
        ]
      },
      "locked": {
        "lastModified": 1788921139,
        "narHash": "sha256-2wRuvf9UDw1SYWtBcxNmxLeAtNU1i/hc1c0AKQHdvlM=",
        "owner": "nix-community",
        "repo": "home-manager",
        "rev": "a2dbe7c2c9333e8234ae8114c7f731784201d108",
        "type": "github"
      },
      "original": {
        "owner": "nix-community",
        "ref": "master",
        "repo": "home-manager",
        "type": "github"
      }
    },
    "nixos-wsl": {
      "inputs": {
        "flake-compat": "flake-compat",
        "nixpkgs": [
          "nixpkgs"
        ]
      },
      "locked": {
        "lastModified": 1784642409,
        "narHash": "sha256-hcbDqFuySAJawljt5r0sKBCJKYnbtGD0T/ZIozH1Dq0=",
        "owner": "nix-community",
        "repo": "NixOS-WSL",
        "rev": "eaeb18da90024448a60eb1ec7132eafa4003404e",
        "type": "github"
      },
      "original": {
        "owner": "nix-community",
        "ref": "main",
        "repo": "NixOS-WSL",
        "type": "github"
      }
    },
    "nixpkgs": {
      "locked": {
        "lastModified": 1788881743,
        "narHash": "sha256-2V9GZGvPfrNzxFozhI9dcqV+c3QdA8YZrvAAzqEB+dI=",
        "owner": "nixos",
        "repo": "nixpkgs",
        "rev": "d6524aaca2ff07876657ae2b323f24be4874944b",
        "type": "github"
      },
      "original": {
        "owner": "nixos",
        "ref": "nixos-unstable",
        "repo": "nixpkgs",
        "type": "github"
      }
    },
    "nixpkgs-master": {
      "locked": {
        "lastModified": 1788962408,
        "narHash": "sha256-hSyiyCWMwQ0DhCRRlOX1pm55U7hlYXso7gL9osH1u20=",
        "owner": "nixos",
        "repo": "nixpkgs",
        "rev": "a36350a37b1f70dd995e1be9e39946c11ad0c77b",
        "type": "github"
      },
      "original": {
        "owner": "nixos",
        "ref": "master",
        "repo": "nixpkgs",
        "type": "github"
      }
    },
    "nixpkgs-stable": {
      "locked": {
        "lastModified": 1788921488,
        "narHash": "sha256-8+xWRxEkD6l217cIUdRxfeUGS9lQX0hVtUuNVsBaDzk=",
        "owner": "nixos",
        "repo": "nixpkgs",
        "rev": "6aefcda9401be8acc2b74244fb3b37520ea1f0a8",
        "type": "github"
      },
      "original": {
        "owner": "nixos",
        "ref": "nixos-26.05",
        "repo": "nixpkgs",
        "type": "github"
      }
    },
    "nixpkgs_2": {
      "locked": {
        "lastModified": 1788405554,
        "narHash": "sha256-r2f1oUwixlgq9zOdYLqJLfS/lWBT60/IITjhTKI59JU=",
        "owner": "NixOS",
        "repo": "nixpkgs",
        "rev": "a5cc6f2c37bf518436dc8d1c288ccd0c43c2f4c4",
        "type": "github"
      },
      "original": {
        "owner": "NixOS",
        "ref": "nixos-26.05",
        "repo": "nixpkgs",
        "type": "github"
      }
    },
    "nixvim": {
      "inputs": {
        "flake-parts": "flake-parts_2",
        "nixpkgs": "nixpkgs_2",
        "systems": "systems"
      },
      "locked": {
        "lastModified": 1788623321,
        "narHash": "sha256-i8v07Plhfpx/nVFMvnMSC6P05RQ43mbLQsS5grni4Vk=",
        "owner": "nix-community",
        "repo": "nixvim",
        "rev": "68c2edd2787f055d9c306bcfe726f3b8f11b9441",
        "type": "github"
      },
      "original": {
        "owner": "nix-community",
        "ref": "nixos-26.05",
        "repo": "nixvim",
        "type": "github"
      }
    },
    "npm-lockfile-fix": {
      "inputs": {
        "nixpkgs": [
          "hermes-agent",
          "nixpkgs"
        ]
      },
      "locked": {
        "lastModified": 1775903712,
        "narHash": "sha256-2GV79U6iVH4gKAPWYrxUReB0S41ty/Y3dBLquU8AlaA=",
        "owner": "jeslie0",
        "repo": "npm-lockfile-fix",
        "rev": "c6093acb0c0548e0f9b8b3d82918823721930fe8",
        "type": "github"
      },
      "original": {
        "owner": "jeslie0",
        "repo": "npm-lockfile-fix",
        "type": "github"
      }
    },
    "pyproject-build-systems": {
      "inputs": {
        "nixpkgs": [
          "hermes-agent",
          "nixpkgs"
        ],
        "pyproject-nix": [
          "hermes-agent",
          "pyproject-nix"
        ],
        "uv2nix": [
          "hermes-agent",
          "uv2nix"
        ]
      },
      "locked": {
        "lastModified": 1785115949,
        "narHash": "sha256-8AM37BfyGaL2v/SZyg4PupRxJ01Y4htvM+WrTjWrPpo=",
        "owner": "pyproject-nix",
        "repo": "build-system-pkgs",
        "rev": "62c0d86027edb1c4f39a5facc09876348144f7c9",
        "type": "github"
      },
      "original": {
        "owner": "pyproject-nix",
        "repo": "build-system-pkgs",
        "type": "github"
      }
    },
    "pyproject-nix": {
      "inputs": {
        "nixpkgs": [
          "hermes-agent",
          "nixpkgs"
        ]
      },
      "locked": {
        "lastModified": 1784591072,
        "narHash": "sha256-zP/WaDxrRu8GANZM61+V2LT/7ycEEdoyLWn7M6WzU7M=",
        "owner": "pyproject-nix",
        "repo": "pyproject.nix",
        "rev": "e3b599ca2e7fcf93d4edf65d7f19bbf6491724f3",
        "type": "github"
      },
      "original": {
        "owner": "pyproject-nix",
        "repo": "pyproject.nix",
        "type": "github"
      }
    },
    "root": {
      "inputs": {
        "hermes-agent": "hermes-agent",
        "home-manager": "home-manager_2",
        "nixos-wsl": "nixos-wsl",
        "nixpkgs": "nixpkgs",
        "nixpkgs-master": "nixpkgs-master",
        "nixpkgs-stable": "nixpkgs-stable",
        "nixvim": "nixvim"
      }
    },
    "systems": {
      "locked": {
        "lastModified": 1681028828,
        "narHash": "sha256-Vy1rq5AaRuLzOxct8nz4T6wlgyUR7zLU309k9mBC768=",
        "owner": "nix-systems",
        "repo": "default",
        "rev": "da67096a3b9bf56a91d16901293e51ba5b49a27e",
        "type": "github"
      },
      "original": {
        "owner": "nix-systems",
        "repo": "default",
        "type": "github"
      }
    },
    "uv2nix": {
      "inputs": {
        "nixpkgs": [
          "hermes-agent",
          "nixpkgs"
        ],
        "pyproject-nix": [
          "hermes-agent",
          "pyproject-nix"
        ]
      },
      "locked": {
        "lastModified": 1785277507,
        "narHash": "sha256-9Tq3UDX2hD/aveW/HvkBlAmEwJTOlY5HQXJM+L5BGmE=",
        "owner": "pyproject-nix",
        "repo": "uv2nix",
        "rev": "5a836d395cbf5fc22670eb98dd4aa4fc4d406977",
        "type": "github"
      },
      "original": {
        "owner": "pyproject-nix",
        "repo": "uv2nix",
        "type": "github"
      }
    }
  },
  "root": "root",
  "version": 7
}
